
Microsoft Visual Studio Solution File, Format Version 12.00
# Visual Studio Version 16
VisualStudioVersion = 16.0.29613.14
MinimumVisualStudioVersion = 10.0.40219.1
Project("{9A19103F-16F7-4668-BE54-9A1E7A4F7556}") = "LinXi_Model", "LinXi_Model\LinXi_Model.csproj", "{4C3DEA07-EE24-4D90-836A-E1B9BE8FC4B2}"
EndProject
Project("{9A19103F-16F7-4668-BE54-9A1E7A4F7556}") = "LinXi_Common", "LinXi_Common\LinXi_Common.csproj", "{59D106ED-C6C9-40A5-AFEF-C83E05C7353F}"
EndProject
Project("{9A19103F-16F7-4668-BE54-9A1E7A4F7556}") = "LinXi_IService", "LinXi_IService\LinXi_IService.csproj", "{01D713FF-5CDE-4F71-ADA8-5DEC95CD07EB}"
EndProject
Project("{9A19103F-16F7-4668-BE54-9A1E7A4F7556}") = "LinXi_Service", "LinXi_Service\LinXi_Service.csproj", "{757EFBF4-8552-42BB-88DD-E72D80A20ABD}"
EndProject
Project("{9A19103F-16F7-4668-BE54-9A1E7A4F7556}") = "LinXi_Repository", "LinXi_DAL\LinXi_Repository.csproj", "{6C30562B-E803-4B92-B152-0568A5854367}"
EndProject
Project("{9A19103F-16F7-4668-BE54-9A1E7A4F7556}") = "LinXi_IRepository", "LinXi_IDAL\LinXi_IRepository.csproj", "{37C06EE2-172F-4A0D-83B6-4A882F9C0B5D}"
EndProject
Project("{2150E333-8FDC-42A3-9474-1A3956D46DE8}") = "LinXi_APP", "LinXi_APP", "{52AA84AA-975C-4A35-9A9D-5242521667D6}"
EndProject
Project("{2150E333-8FDC-42A3-9474-1A3956D46DE8}") = "LinXi_Interface", "LinXi_Interface", "{DABF96CA-851A-4C58-A30B-EEE018BE26A2}"
EndProject
Project("{2150E333-8FDC-42A3-9474-1A3956D46DE8}") = "LinXi_Implement", "LinXi_Implement", "{F716E999-F524-42E2-A615-73446E002C87}"
EndProject
Project("{2150E333-8FDC-42A3-9474-1A3956D46DE8}") = "LinXi_Public", "LinXi_Public", "{DA852C21-1655-4F82-AE56-AAB01C90B17E}"
EndProject
Project("{9A19103F-16F7-4668-BE54-9A1E7A4F7556}") = "LinXi_CloudStorageApi", "LinXi_CloudStorageApi\LinXi_CloudStorageApi.csproj", "{122F3CAC-1260-44DC-915B-05589CDB272E}"
EndProject
Project("{FAE04EC0-301F-11D3-BF4B-00C04F79EFBC}") = "LinXi_IdentityServer", "LinXi_IdentityServer\LinXi_IdentityServer.csproj", "{E1B59C06-05DB-4399-B281-EC00DB149801}"
EndProject
Global
	GlobalSection(SolutionConfigurationPlatforms) = preSolution
		Debug|Any CPU = Debug|Any CPU
		Release|Any CPU = Release|Any CPU
	EndGlobalSection
	GlobalSection(ProjectConfigurationPlatforms) = postSolution
		{4C3DEA07-EE24-4D90-836A-E1B9BE8FC4B2}.Debug|Any CPU.ActiveCfg = Debug|Any CPU
		{4C3DEA07-EE24-4D90-836A-E1B9BE8FC4B2}.Debug|Any CPU.Build.0 = Debug|Any CPU
		{4C3DEA07-EE24-4D90-836A-E1B9BE8FC4B2}.Release|Any CPU.ActiveCfg = Release|Any CPU
		{4C3DEA07-EE24-4D90-836A-E1B9BE8FC4B2}.Release|Any CPU.Build.0 = Release|Any CPU
		{59D106ED-C6C9-40A5-AFEF-C83E05C7353F}.Debug|Any CPU.ActiveCfg = Debug|Any CPU
		{59D106ED-C6C9-40A5-AFEF-C83E05C7353F}.Debug|Any CPU.Build.0 = Debug|Any CPU
		{59D106ED-C6C9-40A5-AFEF-C83E05C7353F}.Release|Any CPU.ActiveCfg = Release|Any CPU
		{59D106ED-C6C9-40A5-AFEF-C83E05C7353F}.Release|Any CPU.Build.0 = Release|Any CPU
		{01D713FF-5CDE-4F71-ADA8-5DEC95CD07EB}.Debug|Any CPU.ActiveCfg = Debug|Any CPU
		{01D713FF-5CDE-4F71-ADA8-5DEC95CD07EB}.Debug|Any CPU.Build.0 = Debug|Any CPU
		{01D713FF-5CDE-4F71-ADA8-5DEC95CD07EB}.Release|Any CPU.ActiveCfg = Release|Any CPU
		{01D713FF-5CDE-4F71-ADA8-5DEC95CD07EB}.Release|Any CPU.Build.0 = Release|Any CPU
		{757EFBF4-8552-42BB-88DD-E72D80A20ABD}.Debug|Any CPU.ActiveCfg = Debug|Any CPU
		{757EFBF4-8552-42BB-88DD-E72D80A20ABD}.Debug|Any CPU.Build.0 = Debug|Any CPU
		{757EFBF4-8552-42BB-88DD-E72D80A20ABD}.Release|Any CPU.ActiveCfg = Release|Any CPU
		{757EFBF4-8552-42BB-88DD-E72D80A20ABD}.Release|Any CPU.Build.0 = Release|Any CPU
		{6C30562B-E803-4B92-B152-0568A5854367}.Debug|Any CPU.ActiveCfg = Debug|Any CPU
		{6C30562B-E803-4B92-B152-0568A5854367}.Debug|Any CPU.Build.0 = Debug|Any CPU
		{6C30562B-E803-4B92-B152-0568A5854367}.Release|Any CPU.ActiveCfg = Release|Any CPU
		{6C30562B-E803-4B92-B152-0568A5854367}.Release|Any CPU.Build.0 = Release|Any CPU
		{37C06EE2-172F-4A0D-83B6-4A882F9C0B5D}.Debug|Any CPU.ActiveCfg = Debug|Any CPU
		{37C06EE2-172F-4A0D-83B6-4A882F9C0B5D}.Debug|Any CPU.Build.0 = Debug|Any CPU
		{37C06EE2-172F-4A0D-83B6-4A882F9C0B5D}.Release|Any CPU.ActiveCfg = Release|Any CPU
		{37C06EE2-172F-4A0D-83B6-4A882F9C0B5D}.Release|Any CPU.Build.0 = Release|Any CPU
		{122F3CAC-1260-44DC-915B-05589CDB272E}.Debug|Any CPU.ActiveCfg = Debug|Any CPU
		{122F3CAC-1260-44DC-915B-05589CDB272E}.Debug|Any CPU.Build.0 = Debug|Any CPU
		{122F3CAC-1260-44DC-915B-05589CDB272E}.Release|Any CPU.ActiveCfg = Release|Any CPU
		{122F3CAC-1260-44DC-915B-05589CDB272E}.Release|Any CPU.Build.0 = Release|Any CPU
		{E1B59C06-05DB-4399-B281-EC00DB149801}.Debug|Any CPU.ActiveCfg = Debug|Any CPU
		{E1B59C06-05DB-4399-B281-EC00DB149801}.Debug|Any CPU.Build.0 = Debug|Any CPU
		{E1B59C06-05DB-4399-B281-EC00DB149801}.Release|Any CPU.ActiveCfg = Release|Any CPU
		{E1B59C06-05DB-4399-B281-EC00DB149801}.Release|Any CPU.Build.0 = Release|Any CPU
	EndGlobalSection
	GlobalSection(SolutionProperties) = preSolution
		HideSolutionNode = FALSE
	EndGlobalSection
	GlobalSection(NestedProjects) = preSolution
		{4C3DEA07-EE24-4D90-836A-E1B9BE8FC4B2} = {DA852C21-1655-4F82-AE56-AAB01C90B17E}
		{59D106ED-C6C9-40A5-AFEF-C83E05C7353F} = {DA852C21-1655-4F82-AE56-AAB01C90B17E}
		{01D713FF-5CDE-4F71-ADA8-5DEC95CD07EB} = {DABF96CA-851A-4C58-A30B-EEE018BE26A2}
		{757EFBF4-8552-42BB-88DD-E72D80A20ABD} = {F716E999-F524-42E2-A615-73446E002C87}
		{6C30562B-E803-4B92-B152-0568A5854367} = {F716E999-F524-42E2-A615-73446E002C87}
		{37C06EE2-172F-4A0D-83B6-4A882F9C0B5D} = {DABF96CA-851A-4C58-A30B-EEE018BE26A2}
		{122F3CAC-1260-44DC-915B-05589CDB272E} = {52AA84AA-975C-4A35-9A9D-5242521667D6}
		{E1B59C06-05DB-4399-B281-EC00DB149801} = {52AA84AA-975C-4A35-9A9D-5242521667D6}
	EndGlobalSection
	GlobalSection(ExtensibilityGlobals) = postSolution
		SolutionGuid = {2A0BAC0E-129D-461D-9516-76DC49912B98}
	EndGlobalSection
EndGlobal
